{
  "name": "21s5_de_27",
  "lockfileVersion": 2,
  "requires": true,
  "packages": {
    "": {
      "dependencies": {
        "three-outlinepass": "^1.2.0"
      }
    },
    "node_modules/three-outlinepass": {
      "version": "1.2.0",
      "resolved": "https://registry.npmjs.org/three-outlinepass/-/three-outlinepass-1.2.0.tgz",
      "integrity": "sha512-xCEmmf4IZsixXi5Hl14qULk2D9CMEbPg6ZjGBWr5oAk+6K3ZILBNRKXEEcOcdPvZgRtHz/fw1MUFgxbwPAnVQA=="
    }
  },
  "dependencies": {
    "three-outlinepass": {
      "version": "1.2.0",
      "resolved": "https://registry.npmjs.org/three-outlinepass/-/three-outlinepass-1.2.0.tgz",
      "integrity": "sha512-xCEmmf4IZsixXi5Hl14qULk2D9CMEbPg6ZjGBWr5oAk+6K3ZILBNRKXEEcOcdPvZgRtHz/fw1MUFgxbwPAnVQA=="
    }
  }
}
